
Microsoft Visual Studio Solution File, Format Version 12.00
# Visual Studio 2012
Project("{FAE04EC0-301F-11D3-BF4B-00C04F79EFBC}") = "Rantdriven.Patterns.ObjectPools", "Rantdriven.Patterns.ObjectPools\Rantdriven.Patterns.ObjectPools.csproj", "{0CF9D612-59E6-473D-876D-E23DCFD35359}"
EndProject
Global
	GlobalSection(SolutionConfigurationPlatforms) = preSolution
		Debug|Any CPU = Debug|Any CPU
		Release|Any CPU = Release|Any CPU
	EndGlobalSection
	GlobalSection(ProjectConfigurationPlatforms) = postSolution
		{0CF9D612-59E6-473D-876D-E23DCFD35359}.Debug|Any CPU.ActiveCfg = Debug|Any CPU
		{0CF9D612-59E6-473D-876D-E23DCFD35359}.Debug|Any CPU.Build.0 = Debug|Any CPU
		{0CF9D612-59E6-473D-876D-E23DCFD35359}.Release|Any CPU.ActiveCfg = Release|Any CPU
		{0CF9D612-59E6-473D-876D-E23DCFD35359}.Release|Any CPU.Build.0 = Release|Any CPU
	EndGlobalSection
	GlobalSection(SolutionProperties) = preSolution
		HideSolutionNode = FALSE
	EndGlobalSection
EndGlobal
